Microsoft Visual Studio Solution File, Format Version 12.00
# Visual Studio Version 17
VisualStudioVersion = 17.5.2.0
MinimumVisualStudioVersion = 10.0.40219.1
Project("{FAE04EC0-301F-11D3-BF4B-00C04F79EFBC}") = "Saharut.Api", "Saharut.Api.csproj", "{BCA0F74C-5CE7-5C0A-CFD2-33F329BCDF0B}"
EndProject
Global
	GlobalSection(SolutionConfigurationPlatforms) = preSolution
		Debug|Any CPU = Debug|Any CPU
		Release|Any CPU = Release|Any CPU
	EndGlobalSection
	GlobalSection(ProjectConfigurationPlatforms) = postSolution
		{BCA0F74C-5CE7-5C0A-CFD2-33F329BCDF0B}.Debug|Any CPU.ActiveCfg = Debug|Any CPU
		{BCA0F74C-5CE7-5C0A-CFD2-33F329BCDF0B}.Debug|Any CPU.Build.0 = Debug|Any CPU
		{BCA0F74C-5CE7-5C0A-CFD2-33F329BCDF0B}.Release|Any CPU.ActiveCfg = Release|Any CPU
		{BCA0F74C-5CE7-5C0A-CFD2-33F329BCDF0B}.Release|Any CPU.Build.0 = Release|Any CPU
	EndGlobalSection
	GlobalSection(SolutionProperties) = preSolution
		HideSolutionNode = FALSE
	EndGlobalSection
	GlobalSection(ExtensibilityGlobals) = postSolution
		SolutionGuid = {4AAF1385-6E58-4014-BAEB-97151E7F5632}
	EndGlobalSection
EndGlobal
